// !$*UTF8*$!
{
	archiveVersion = 1;
	classes = {
	};
	objectVersion = 77;
	objects = {

/* Begin PBXBuildFile section */
		3F5EFB142D5928F200FDEFBF /* KeychainSwift in Frameworks */ = {isa = PBXBuildFile; productRef = 3F5EFB132D5928F200FDEFBF /* KeychainSwift */; };
/* End PBXBuildFile section */

/* Begin PBXContainerItemProxy section */
		3FA976282D58E4BE00D7877F /* PBXContainerItemProxy */ = {
			isa = PBXContainerItemProxy;
			containerPortal = 3FA9760F2D58E4BB00D7877F /* Project object */;
			proxyType = 1;
			remoteGlobalIDString = 3FA976162D58E4BB00D7877F;
			remoteInfo = MealMate;
		};
		3FA976322D58E4BE00D7877F /* PBXContainerItemProxy */ = {
			isa = PBXContainerItemProxy;
			containerPortal = 3FA9760F2D58E4BB00D7877F /* Project object */;
			proxyType = 1;
			remoteGlobalIDString = 3FA976162D58E4BB00D7877F;
			remoteInfo = MealMate;
		};
/* End PBXContainerItemProxy section */

/* Begin PBXFileReference section */
		3FA976172D58E4BB00D7877F /* MealMate.app */ = {isa = PBXFileReference; explicitFileType = wrapper.application; includeInIndex = 0; path = MealMate.app; sourceTree = BUILT_PRODUCTS_DIR; };
		3FA976272D58E4BE00D7877F /* MealMateTests.xctest */ = {isa = PBXFileReference; explicitFileType = wrapper.cfbundle; includeInIndex = 0; path = MealMateTests.xctest; sourceTree = BUILT_PRODUCTS_DIR; };
		3FA976312D58E4BE00D7877F /* MealMateUITests.xctest */ = {isa = PBXFileReference; explicitFileType = wrapper.cfbundle; includeInIndex = 0; path = MealMateUITests.xctest; sourceTree = BUILT_PRODUCTS_DIR; };
/* End PBXFileReference section */

/* Begin PBXFileSystemSynchronizedBuildFileExceptionSet section */
		3FA976542D58F1FB00D7877F /* Exceptions for "MealMate" folder in "MealMate" target */ = {
			isa = PBXFileSystemSynchronizedBuildFileExceptionSet;
			membershipExceptions = (
				Info.plist,
			);
			target = 3FA976162D58E4BB00D7877F /* MealMate */;
		};
/* End PBXFileSystemSynchronizedBuildFileExceptionSet section */

/* Begin PBXFileSystemSynchronizedRootGroup section */
		3FA976192D58E4BB00D7877F /* MealMate */ = {
			isa = PBXFileSystemSynchronizedRootGroup;
			exceptions = (
				3FA976542D58F1FB00D7877F /* Exceptions for "MealMate" folder in "MealMate" target */,
			);
			path = MealMate;
			sourceTree = "<group>";
		};
		3FA9762A2D58E4BE00D7877F /* MealMateTests */ = {
			isa = PBXFileSystemSynchronizedRootGroup;
			path = MealMateTests;
			sourceTree = "<group>";
		};
		3FA976342D58E4BE00D7877F /* MealMateUITests */ = {
			isa = PBXFileSystemSynchronizedRootGroup;
			path = MealMateUITests;
			sourceTree = "<group>";
		};
/* End PBXFileSystemSynchronizedRootGroup section */

/* Begin PBXFrameworksBuildPhase section */
		3FA976142D58E4BB00D7877F /* Frameworks */ = {
			isa = PBXFrameworksBuildPhase;
			buildActionMask = 2147483647;
			files = (
				3F5EFB142D5928F200FDEFBF /* KeychainSwift in Frameworks */,
			);
			runOnlyForDeploymentPostprocessing = 0;
		};
		3FA976242D58E4BE00D7877F /* Frameworks */ = {
			isa = PBXFrameworksBuildPhase;
			buildActionMask = 2147483647;
			files = (
			);
			runOnlyForDeploymentPostprocessing = 0;
		};
		3FA9762E2D58E4BE00D7877F /* Frameworks */ = {
			isa = PBXFrameworksBuildPhase;
			buildActionMask = 2147483647;
			files = (
			);
			runOnlyForDeploymentPostprocessing = 0;
		};
/* End PBXFrameworksBuildPhase section */

/* Begin PBXGroup section */
		3FA9760E2D58E4BB00D7877F = {
			isa = PBXGroup;
			children = (
				3FA976192D58E4BB00D7877F /* MealMate */,
				3FA9762A2D58E4BE00D7877F /* MealMateTests */,
				3FA976342D58E4BE00D7877F /* MealMateUITests */,
				3FA976182D58E4BB00D7877F /* Products */,
			);
			sourceTree = "<group>";
		};
		3FA976182D58E4BB00D7877F /* Products */ = {
			isa = PBXGroup;
			children = (
				3FA976172D58E4BB00D7877F /* MealMate.app */,
				3FA976272D58E4BE00D7877F /* MealMateTests.xctest */,
				3FA976312D58E4BE00D7877F /* MealMateUITests.xctest */,
			);
			name = Products;
			sourceTree = "<group>";
		};
/* End PBXGroup section */

/* Begin PBXNativeTarget section */
		3FA976162D58E4BB00D7877F /* MealMate */ = {
			isa = PBXNativeTarget;
			buildConfigurationList = 3FA9763B2D58E4BE00D7877F /* Build configuration list for PBXNativeTarget "MealMate" */;
			buildPhases = (
				3FA976132D58E4BB00D7877F /* Sources */,
				3FA976142D58E4BB00D7877F /* Frameworks */,
				3FA976152D58E4BB00D7877F /* Resources */,
			);
			buildRules = (
			);
			dependencies = (
			);
			fileSystemSynchronizedGroups = (
				3FA976192D58E4BB00D7877F /* MealMate */,
			);
			name = MealMate;
			packageProductDependencies = (
				3F5EFB132D5928F200FDEFBF /* KeychainSwift */,
			);
			productName = MealMate;
			productReference = 3FA976172D58E4BB00D7877F /* MealMate.app */;
			productType = "com.apple.product-type.application";
		};
		3FA976262D58E4BE00D7877F /* MealMateTests */ = {
			isa = PBXNativeTarget;
			buildConfigurationList = 3FA9763E2D58E4BE00D7877F /* Build configuration list for PBXNativeTarget "MealMateTests" */;
			buildPhases = (
				3FA976232D58E4BE00D7877F /* Sources */,
				3FA976242D58E4BE00D7877F /* Frameworks */,
				3FA976252D58E4BE00D7877F /* Resources */,
			);
			buildRules = (
			);
			dependencies = (
				3FA976292D58E4BE00D7877F /* PBXTargetDependency */,
			);
			fileSystemSynchronizedGroups = (
				3FA9762A2D58E4BE00D7877F /* MealMateTests */,
			);
			name = MealMateTests;
			packageProductDependencies = (
			);
			productName = MealMateTests;
			productReference = 3FA976272D58E4BE00D7877F /* MealMateTests.xctest */;
			productType = "com.apple.product-type.bundle.unit-test";
		};
		3FA976302D58E4BE00D7877F /* MealMateUITests */ = {
			isa = PBXNativeTarget;
			buildConfigurationList = 3FA976412D58E4BE00D7877F /* Build configuration list for PBXNativeTarget "MealMateUITests" */;
			buildPhases = (
				3FA9762D2D58E4BE00D7877F /* Sources */,
				3FA9762E2D58E4BE00D7877F /* Frameworks */,
				3FA9762F2D58E4BE00D7877F /* Resources */,
			);
			buildRules = (
			);
			dependencies = (
				3FA976332D58E4BE00D7877F /* PBXTargetDependency */,
			);
			fileSystemSynchronizedGroups = (
				3FA976342D58E4BE00D7877F /* MealMateUITests */,
			);
			name = MealMateUITests;
			packageProductDependencies = (
			);
			productName = MealMateUITests;
			productReference = 3FA976312D58E4BE00D7877F /* MealMateUITests.xctest */;
			productType = "com.apple.product-type.bundle.ui-testing";
		};
/* End PBXNativeTarget section */

/* Begin PBXProject section */
		3FA9760F2D58E4BB00D7877F /* Project object */ = {
			isa = PBXProject;
			attributes = {
				BuildIndependentTargetsInParallel = 1;
				LastSwiftUpdateCheck = 1620;
				LastUpgradeCheck = 1620;
				TargetAttributes = {
					3FA976162D58E4BB00D7877F = {
						CreatedOnToolsVersion = 16.2;
					};
					3FA976262D58E4BE00D7877F = {
						CreatedOnToolsVersion = 16.2;
						TestTargetID = 3FA976162D58E4BB00D7877F;
					};
					3FA976302D58E4BE00D7877F = {
						CreatedOnToolsVersion = 16.2;
						TestTargetID = 3FA976162D58E4BB00D7877F;
					};
				};
			};
			buildConfigurationList = 3FA976122D58E4BB00D7877F /* Build configuration list for PBXProject "MealMate" */;
			developmentRegion = en;
			hasScannedForEncodings = 0;
			knownRegions = (
				en,
				Base,
			);
			mainGroup = 3FA9760E2D58E4BB00D7877F;
			minimizedProjectReferenceProxies = 1;
			packageReferences = (
				3F5EFB122D5928F200FDEFBF /* XCRemoteSwiftPackageReference "keychain-swift" */,
			);
			preferredProjectObjectVersion = 77;
			productRefGroup = 3FA976182D58E4BB00D7877F /* Products */;
			projectDirPath = "";
			projectRoot = "";
			targets = (
				3FA976162D58E4BB00D7877F /* MealMate */,
				3FA976262D58E4BE00D7877F /* MealMateTests */,
				3FA976302D58E4BE00D7877F /* MealMateUITests */,
			);
		};
/* End PBXProject section */

/* Begin PBXResourcesBuildPhase section */
		3FA976152D58E4BB00D7877F /* Resources */ = {
			isa = PBXResourcesBuildPhase;
			buildActionMask = 2147483647;
			files = (
			);
			runOnlyForDeploymentPostprocessing = 0;
		};
		3FA976252D58E4BE00D7877F /* Resources */ = {
			isa = PBXResourcesBuildPhase;
			buildActionMask = 2147483647;
			files = (
			);
			runOnlyForDeploymentPostprocessing = 0;
		};
		3FA9762F2D58E4BE00D7877F /* Resources */ = {
			isa = PBXResourcesBuildPhase;
			buildActionMask = 2147483647;
			files = (
			);
			runOnlyForDeploymentPostprocessing = 0;
		};
/* End PBXResourcesBuildPhase section */

/* Begin PBXSourcesBuildPhase section */
		3FA976132D58E4BB00D7877F /* Sources */ = {
			isa = PBXSourcesBuildPhase;
			buildActionMask = 2147483647;
			files = (
			);
			runOnlyForDeploymentPostprocessing = 0;
		};
		3FA976232D58E4BE00D7877F /* Sources */ = {
			isa = PBXSourcesBuildPhase;
			buildActionMask = 2147483647;
			files = (
			);
			runOnlyForDeploymentPostprocessing = 0;
		};
		3FA9762D2D58E4BE00D7877F /* Sources */ = {
			isa = PBXSourcesBuildPhase;
			buildActionMask = 2147483647;
			files = (
			);
			runOnlyForDeploymentPostprocessing = 0;
		};
/* End PBXSourcesBuildPhase section */

/* Begin PBXTargetDependency section */
		3FA976292D58E4BE00D7877F /* PBXTargetDependency */ = {
			isa = PBXTargetDependency;
			target = 3FA976162D58E4BB00D7877F /* MealMate */;
			targetProxy = 3FA976282D58E4BE00D7877F /* PBXContainerItemProxy */;
		};
		3FA976332D58E4BE00D7877F /* PBXTargetDependency */ = {
			isa = PBXTargetDependency;
			target = 3FA976162D58E4BB00D7877F /* MealMate */;
			targetProxy = 3FA976322D58E4BE00D7877F /* PBXContainerItemProxy */;
		};
/* End PBXTargetDependency section */

/* Begin XCBuildConfiguration section */
		3FA976392D58E4BE00D7877F /* Debug */ = {
			isa = XCBuildConfiguration;
			buildSettings = {
				ALWAYS_SEARCH_USER_PATHS = NO;
				ASSETCATALOG_COMPILER_GENERATE_SWIFT_ASSET_SYMBOL_EXTENSIONS = YES;
				CLANG_ANALYZER_NONNULL = YES;
				CLANG_ANALYZER_NUMBER_OBJECT_CONVERSION = YES_AGGRESSIVE;
				CLANG_CXX_LANGUAGE_STANDARD = "gnu++20";
				CLANG_ENABLE_MODULES = YES;
				CLANG_ENABLE_OBJC_ARC = YES;
				CLANG_ENABLE_OBJC_WEAK = YES;
				CLANG_WARN_BLOCK_CAPTURE_AUTORELEASING = YES;
				CLANG_WARN_BOOL_CONVERSION = YES;
				CLANG_WARN_COMMA = YES;
				CLANG_WARN_CONSTANT_CONVERSION = YES;
				CLANG_WARN_DEPRECATED_OBJC_IMPLEMENTATIONS = YES;
				CLANG_WARN_DIRECT_OBJC_ISA_USAGE = YES_ERROR;
				CLANG_WARN_DOCUMENTATION_COMMENTS = YES;
				CLANG_WARN_EMPTY_BODY = YES;
				CLANG_WARN_ENUM_CONVERSION = YES;
				CLANG_WARN_INFINITE_RECURSION = YES;
				CLANG_WARN_INT_CONVERSION = YES;
				CLANG_WARN_NON_LITERAL_NULL_CONVERSION = YES;
				CLANG_WARN_OBJC_IMPLICIT_RETAIN_SELF = YES;
				CLANG_WARN_OBJC_LITERAL_CONVERSION = YES;
				CLANG_WARN_OBJC_ROOT_CLASS = YES_ERROR;
				CLANG_WARN_QUOTED_INCLUDE_IN_FRAMEWORK_HEADER = YES;
				CLANG_WARN_RANGE_LOOP_ANALYSIS = YES;
				CLANG_WARN_STRICT_PROTOTYPES = YES;
				CLANG_WARN_SUSPICIOUS_MOVE = YES;
				CLANG_WARN_UNGUARDED_AVAILABILITY = YES_AGGRESSIVE;
				CLANG_WARN_UNREACHABLE_CODE = YES;
				CLANG_WARN__DUPLICATE_METHOD_MATCH = YES;
				COPY_PHASE_STRIP = NO;
				DEBUG_INFORMATION_FORMAT = dwarf;
				ENABLE_STRICT_OBJC_MSGSEND = YES;
				ENABLE_TESTABILITY = YES;
				ENABLE_USER_SCRIPT_SANDBOXING = YES;
				GCC_C_LANGUAGE_STANDARD = gnu17;
				GCC_DYNAMIC_NO_PIC = NO;
				GCC_NO_COMMON_BLOCKS = YES;
				GCC_OPTIMIZATION_LEVEL = 0;
				GCC_PREPROCESSOR_DEFINITIONS = (
					"DEBUG=1",
					"$(inherited)",
				);
				GCC_WARN_64_TO_32_BIT_CONVERSION = YES;
				GCC_WARN_ABOUT_RETURN_TYPE = YES_ERROR;
				GCC_WARN_UNDECLARED_SELECTOR = YES;
				GCC_WARN_UNINITIALIZED_AUTOS = YES_AGGRESSIVE;
				GCC_WARN_UNUSED_FUNCTION = YES;
				GCC_WARN_UNUSED_VARIABLE = YES;
				INFOPLIST_KEY_NSCameraUsageDescription = "MealMate needs access to your camera to take photos of your recipes.";
				IPHONEOS_DEPLOYMENT_TARGET = 18.2;
				LOCALIZATION_PREFERS_STRING_CATALOGS = YES;
				MTL_ENABLE_DEBUG_INFO = INCLUDE_SOURCE;
				MTL_FAST_MATH = YES;
				ONLY_ACTIVE_ARCH = YES;
				SDKROOT = iphoneos;
				SWIFT_ACTIVE_COMPILATION_CONDITIONS = "DEBUG $(inherited)";
				SWIFT_OPTIMIZATION_LEVEL = "-Onone";
			};
			name = Debug;
		};
		3FA9763A2D58E4BE00D7877F /* Release */ = {
			isa = XCBuildConfiguration;
			buildSettings = {
				ALWAYS_SEARCH_USER_PATHS = NO;
				ASSETCATALOG_COMPILER_GENERATE_SWIFT_ASSET_SYMBOL_EXTENSIONS = YES;
				CLANG_ANALYZER_NONNULL = YES;
				CLANG_ANALYZER_NUMBER_OBJECT_CONVERSION = YES_AGGRESSIVE;
				CLANG_CXX_LANGUAGE_STANDARD = "gnu++20";
				CLANG_ENABLE_MODULES = YES;
				CLANG_ENABLE_OBJC_ARC = YES;
				CLANG_ENABLE_OBJC_WEAK = YES;
				CLANG_WARN_BLOCK_CAPTURE_AUTORELEASING = YES;
				CLANG_WARN_BOOL_CONVERSION = YES;
				CLANG_WARN_COMMA = YES;
				CLANG_WARN_CONSTANT_CONVERSION = YES;
				CLANG_WARN_DEPRECATED_OBJC_IMPLEMENTATIONS = YES;
				CLANG_WARN_DIRECT_OBJC_ISA_USAGE = YES_ERROR;
				CLANG_WARN_DOCUMENTATION_COMMENTS = YES;
				CLANG_WARN_EMPTY_BODY = YES;
				CLANG_WARN_ENUM_CONVERSION = YES;
				CLANG_WARN_INFINITE_RECURSION = YES;
				CLANG_WARN_INT_CONVERSION = YES;
				CLANG_WARN_NON_LITERAL_NULL_CONVERSION = YES;
				CLANG_WARN_OBJC_IMPLICIT_RETAIN_SELF = YES;
				CLANG_WARN_OBJC_LITERAL_CONVERSION = YES;
				CLANG_WARN_OBJC_ROOT_CLASS = YES_ERROR;
				CLANG_WARN_QUOTED_INCLUDE_IN_FRAMEWORK_HEADER = YES;
				CLANG_WARN_RANGE_LOOP_ANALYSIS = YES;
				CLANG_WARN_STRICT_PROTOTYPES = YES;
				CLANG_WARN_SUSPICIOUS_MOVE = YES;
				CLANG_WARN_UNGUARDED_AVAILABILITY = YES_AGGRESSIVE;
				CLANG_WARN_UNREACHABLE_CODE = YES;
				CLANG_WARN__DUPLICATE_METHOD_MATCH = YES;
				COPY_PHASE_STRIP = NO;
				DEBUG_INFORMATION_FORMAT = "dwarf-with-dsym";
				ENABLE_NS_ASSERTIONS = NO;
				ENABLE_STRICT_OBJC_MSGSEND = YES;
				ENABLE_USER_SCRIPT_SANDBOXING = YES;
				GCC_C_LANGUAGE_STANDARD = gnu17;
				GCC_NO_COMMON_BLOCKS = YES;
				GCC_WARN_64_TO_32_BIT_CONVERSION = YES;
				GCC_WARN_ABOUT_RETURN_TYPE = YES_ERROR;
				GCC_WARN_UNDECLARED_SELECTOR = YES;
				GCC_WARN_UNINITIALIZED_AUTOS = YES_AGGRESSIVE;
				GCC_WARN_UNUSED_FUNCTION = YES;
				GCC_WARN_UNUSED_VARIABLE = YES;
				INFOPLIST_KEY_NSCameraUsageDescription = "MealMate needs access to your camera to take photos of your recipes.";
				IPHONEOS_DEPLOYMENT_TARGET = 18.2;
				LOCALIZATION_PREFERS_STRING_CATALOGS = YES;
				MTL_ENABLE_DEBUG_INFO = NO;
				MTL_FAST_MATH = YES;
				SDKROOT = iphoneos;
				SWIFT_COMPILATION_MODE = wholemodule;
				VALIDATE_PRODUCT = YES;
			};
			name = Release;
		};
		3FA9763C2D58E4BE00D7877F /* Debug */ = {
			isa = XCBuildConfiguration;
			buildSettings = {
				ASSETCATALOG_COMPILER_APPICON_NAME = AppIcon;
				ASSETCATALOG_COMPILER_GLOBAL_ACCENT_COLOR_NAME = AccentColor;
				CODE_SIGN_STYLE = Automatic;
				CURRENT_PROJECT_VERSION = 1;
				DEVELOPMENT_ASSET_PATHS = "\"MealMate/Preview Content\"";
				DEVELOPMENT_TEAM = D5S2EKZX38;
				ENABLE_PREVIEWS = YES;
				GENERATE_INFOPLIST_FILE = YES;
				INFOPLIST_KEY_NSCameraUsageDescription = "MealMate needs access to your camera to take photos of your recipes.";
				INFOPLIST_KEY_UIApplicationSceneManifest_Generation = YES;
				INFOPLIST_KEY_UIApplicationSupportsIndirectInputEvents = YES;
				INFOPLIST_KEY_UILaunchScreen_Generation = YES;
				INFOPLIST_KEY_UISupportedInterfaceOrientations = UIInterfaceOrientationPortrait;
				INFOPLIST_KEY_UISupportedInterfaceOrientations_iPad = "UIInterfaceOrientationPortrait UIInterfaceOrientationPortraitUpsideDown";
				LD_RUNPATH_SEARCH_PATHS = (
					"$(inherited)",
					"@executable_path/Frameworks",
				);
				MARKETING_VERSION = 1.0;
				PRODUCT_BUNDLE_IDENTIFIER = hfg.MealMate;
				PRODUCT_NAME = "$(TARGET_NAME)";
				SWIFT_EMIT_LOC_STRINGS = YES;
				SWIFT_VERSION = 5.0;
				TARGETED_DEVICE_FAMILY = "1,2";
			};
			name = Debug;
		};
		3FA9763D2D58E4BE00D7877F /* Release */ = {
			isa = XCBuildConfiguration;
			buildSettings = {
				ASSETCATALOG_COMPILER_APPICON_NAME = AppIcon;
				ASSETCATALOG_COMPILER_GLOBAL_ACCENT_COLOR_NAME = AccentColor;
				CODE_SIGN_STYLE = Automatic;
				CURRENT_PROJECT_VERSION = 1;
				DEVELOPMENT_ASSET_PATHS = "\"MealMate/Preview Content\"";
				DEVELOPMENT_TEAM = D5S2EKZX38;
				ENABLE_PREVIEWS = YES;
				GENERATE_INFOPLIST_FILE = YES;
				INFOPLIST_KEY_NSCameraUsageDescription = "MealMate needs access to your camera to take photos of your recipes.";
				INFOPLIST_KEY_UIApplicationSceneManifest_Generation = YES;
				INFOPLIST_KEY_UIApplicationSupportsIndirectInputEvents = YES;
				INFOPLIST_KEY_UILaunchScreen_Generation = YES;
				INFOPLIST_KEY_UISupportedInterfaceOrientations = UIInterfaceOrientationPortrait;
				INFOPLIST_KEY_UISupportedInterfaceOrientations_iPad = "UIInterfaceOrientationPortrait UIInterfaceOrientationPortraitUpsideDown";
				LD_RUNPATH_SEARCH_PATHS = (
					"$(inherited)",
					"@executable_path/Frameworks",
				);
				MARKETING_VERSION = 1.0;
				PRODUCT_BUNDLE_IDENTIFIER = hfg.MealMate;
				PRODUCT_NAME = "$(TARGET_NAME)";
				SWIFT_EMIT_LOC_STRINGS = YES;
				SWIFT_VERSION = 5.0;
				TARGETED_DEVICE_FAMILY = "1,2";
			};
			name = Release;
		};
		3FA9763F2D58E4BE00D7877F /* Debug */ = {
			isa = XCBuildConfiguration;
			buildSettings = {
				BUNDLE_LOADER = "$(TEST_HOST)";
				CODE_SIGN_STYLE = Automatic;
				CURRENT_PROJECT_VERSION = 1;
				DEVELOPMENT_TEAM = D5S2EKZX38;
				GENERATE_INFOPLIST_FILE = YES;
				IPHONEOS_DEPLOYMENT_TARGET = 18.2;
				MARKETING_VERSION = 1.0;
				PRODUCT_BUNDLE_IDENTIFIER = hfg.MealMateTests;
				PRODUCT_NAME = "$(TARGET_NAME)";
				SWIFT_EMIT_LOC_STRINGS = NO;
				SWIFT_VERSION = 5.0;
				TARGETED_DEVICE_FAMILY = "1,2";
				TEST_HOST = "$(BUILT_PRODUCTS_DIR)/MealMate.app/$(BUNDLE_EXECUTABLE_FOLDER_PATH)/MealMate";
			};
			name = Debug;
		};
		3FA976402D58E4BE00D7877F /* Release */ = {
			isa = XCBuildConfiguration;
			buildSettings = {
				BUNDLE_LOADER = "$(TEST_HOST)";
				CODE_SIGN_STYLE = Automatic;
				CURRENT_PROJECT_VERSION = 1;
				DEVELOPMENT_TEAM = D5S2EKZX38;
				GENERATE_INFOPLIST_FILE = YES;
				IPHONEOS_DEPLOYMENT_TARGET = 18.2;
				MARKETING_VERSION = 1.0;
				PRODUCT_BUNDLE_IDENTIFIER = hfg.MealMateTests;
				PRODUCT_NAME = "$(TARGET_NAME)";
				SWIFT_EMIT_LOC_STRINGS = NO;
				SWIFT_VERSION = 5.0;
				TARGETED_DEVICE_FAMILY = "1,2";
				TEST_HOST = "$(BUILT_PRODUCTS_DIR)/MealMate.app/$(BUNDLE_EXECUTABLE_FOLDER_PATH)/MealMate";
			};
			name = Release;
		};
		3FA976422D58E4BE00D7877F /* Debug */ = {
			isa = XCBuildConfiguration;
			buildSettings = {
				CODE_SIGN_STYLE = Automatic;
				CURRENT_PROJECT_VERSION = 1;
				DEVELOPMENT_TEAM = D5S2EKZX38;
				GENERATE_INFOPLIST_FILE = YES;
				MARKETING_VERSION = 1.0;
				PRODUCT_BUNDLE_IDENTIFIER = hfg.MealMateUITests;
				PRODUCT_NAME = "$(TARGET_NAME)";
				SWIFT_EMIT_LOC_STRINGS = NO;
				SWIFT_VERSION = 5.0;
				TARGETED_DEVICE_FAMILY = "1,2";
				TEST_TARGET_NAME = MealMate;
			};
			name = Debug;
		};
		3FA976432D58E4BE00D7877F /* Release */ = {
			isa = XCBuildConfiguration;
			buildSettings = {
				CODE_SIGN_STYLE = Automatic;
				CURRENT_PROJECT_VERSION = 1;
				DEVELOPMENT_TEAM = D5S2EKZX38;
				GENERATE_INFOPLIST_FILE = YES;
				MARKETING_VERSION = 1.0;
				PRODUCT_BUNDLE_IDENTIFIER = hfg.MealMateUITests;
				PRODUCT_NAME = "$(TARGET_NAME)";
				SWIFT_EMIT_LOC_STRINGS = NO;
				SWIFT_VERSION = 5.0;
				TARGETED_DEVICE_FAMILY = "1,2";
				TEST_TARGET_NAME = MealMate;
			};
			name = Release;
		};
/* End XCBuildConfiguration section */

/* Begin XCConfigurationList section */
		3FA976122D58E4BB00D7877F /* Build configuration list for PBXProject "MealMate" */ = {
			isa = XCConfigurationList;
			buildConfigurations = (
				3FA976392D58E4BE00D7877F /* Debug */,
				3FA9763A2D58E4BE00D7877F /* Release */,
			);
			defaultConfigurationIsVisible = 0;
			defaultConfigurationName = Release;
		};
		3FA9763B2D58E4BE00D7877F /* Build configuration list for PBXNativeTarget "MealMate" */ = {
			isa = XCConfigurationList;
			buildConfigurations = (
				3FA9763C2D58E4BE00D7877F /* Debug */,
				3FA9763D2D58E4BE00D7877F /* Release */,
			);
			defaultConfigurationIsVisible = 0;
			defaultConfigurationName = Release;
		};
		3FA9763E2D58E4BE00D7877F /* Build configuration list for PBXNativeTarget "MealMateTests" */ = {
			isa = XCConfigurationList;
			buildConfigurations = (
				3FA9763F2D58E4BE00D7877F /* Debug */,
				3FA976402D58E4BE00D7877F /* Release */,
			);
			defaultConfigurationIsVisible = 0;
			defaultConfigurationName = Release;
		};
		3FA976412D58E4BE00D7877F /* Build configuration list for PBXNativeTarget "MealMateUITests" */ = {
			isa = XCConfigurationList;
			buildConfigurations = (
				3FA976422D58E4BE00D7877F /* Debug */,
				3FA976432D58E4BE00D7877F /* Release */,
			);
			defaultConfigurationIsVisible = 0;
			defaultConfigurationName = Release;
		};
/* End XCConfigurationList section */

/* Begin XCRemoteSwiftPackageReference section */
		3F5EFB122D5928F200FDEFBF /* XCRemoteSwiftPackageReference "keychain-swift" */ = {
			isa = XCRemoteSwiftPackageReference;
			repositoryURL = "https://github.com/evgenyneu/keychain-swift.git";
			requirement = {
				kind = upToNextMajorVersion;
				minimumVersion = 24.0.0;
			};
		};
/* End XCRemoteSwiftPackageReference section */

/* Begin XCSwiftPackageProductDependency section */
		3F5EFB132D5928F200FDEFBF /* KeychainSwift */ = {
			isa = XCSwiftPackageProductDependency;
			package = 3F5EFB122D5928F200FDEFBF /* XCRemoteSwiftPackageReference "keychain-swift" */;
			productName = KeychainSwift;
		};
/* End XCSwiftPackageProductDependency section */
	};
	rootObject = 3FA9760F2D58E4BB00D7877F /* Project object */;
}
